
Microsoft Visual Studio Solution File, Format Version 12.00
# Visual Studio Version 17
VisualStudioVersion = 17.0.31903.59
MinimumVisualStudioVersion = 10.0.40219.1
Project("{2150E333-8FDC-42A3-9474-1A3956D46DE8}") = "Solution Items", "Solution Items", "{8C4E7483-75A1-42E0-91D6-0643D52567E4}"
	ProjectSection(SolutionItems) = preProject
		.editorconfig = .editorconfig
		Directory.Build.props = Directory.Build.props
		Directory.Build.targets = Directory.Build.targets
	EndProjectSection
EndProject
Project("{2150E333-8FDC-42A3-9474-1A3956D46DE8}") = "build", "build", "{85265202-82C0-4C3F-BA65-EE9182FCE1F0}"
EndProject
Project("{9A19103F-16F7-4668-BE54-9A1E7A4F7556}") = "Cake.GitLab.Build", "build\workflow\Cake.GitLab.Build.csproj", "{6E290301-79AD-4EF4-8860-5A48CFC8C4E8}"
EndProject
Project("{2150E333-8FDC-42A3-9474-1A3956D46DE8}") = "src", "src", "{CB234764-DF2D-4DC3-8590-5B44BD4568EC}"
	ProjectSection(SolutionItems) = preProject
		src\Directory.Build.props = src\Directory.Build.props
	EndProjectSection
EndProject
Project("{9A19103F-16F7-4668-BE54-9A1E7A4F7556}") = "Cake.GitLab", "src\Cake.GitLab\Cake.GitLab.csproj", "{7FA92AFF-7DAE-4D8B-B631-9F27314D37DA}"
EndProject
Project("{2150E333-8FDC-42A3-9474-1A3956D46DE8}") = "test", "test", "{D94C7483-C80A-4B55-9A3C-0CA7AECD469B}"
EndProject
Project("{9A19103F-16F7-4668-BE54-9A1E7A4F7556}") = "Cake.GitLab.Test", "test\Cake.GitLab.Test\Cake.GitLab.Test.csproj", "{D0B3BD5A-6424-4AAE-B551-0E16A9B4EA8C}"
EndProject
Project("{2150E333-8FDC-42A3-9474-1A3956D46DE8}") = "examples", "examples", "{EE022570-8319-41F1-A03C-8F03084E673A}"
EndProject
Project("{9A19103F-16F7-4668-BE54-9A1E7A4F7556}") = "example-Cake.Frosting", "examples\Frosting\example-Cake.Frosting.csproj", "{7405B64F-0B30-46BB-AC6F-EFE265FD3688}"
EndProject
Project("{9A19103F-16F7-4668-BE54-9A1E7A4F7556}") = "Cake.GitLab.Generator", "build\Cake.GitLab.Generator\Cake.GitLab.Generator.csproj", "{68BB4B53-940E-4D90-8D1D-A90EA09A21F1}"
EndProject
Project("{9A19103F-16F7-4668-BE54-9A1E7A4F7556}") = "example-Testing", "examples\Testing\example-Testing.csproj", "{260FEA07-BC2D-4C07-B993-38F4CFE7DAF5}"
EndProject
Project("{FAE04EC0-301F-11D3-BF4B-00C04F79EFBC}") = "Cake.GitLab.Testing", "src\Cake.GitLab.Testing\Cake.GitLab.Testing.csproj", "{43CED541-7EC7-4E1D-805F-EC665FD8B7EC}"
EndProject
Project("{FAE04EC0-301F-11D3-BF4B-00C04F79EFBC}") = "Cake.GitLab.Testing.Test", "test\Cake.GitLab.Testing.Test\Cake.GitLab.Testing.Test.csproj", "{1A90B926-522C-919C-E286-BB95394F06D1}"
EndProject
Global
	GlobalSection(SolutionConfigurationPlatforms) = preSolution
		Debug|Any CPU = Debug|Any CPU
		Release|Any CPU = Release|Any CPU
	EndGlobalSection
	GlobalSection(ProjectConfigurationPlatforms) = postSolution
		{6E290301-79AD-4EF4-8860-5A48CFC8C4E8}.Debug|Any CPU.ActiveCfg = Debug|Any CPU
		{6E290301-79AD-4EF4-8860-5A48CFC8C4E8}.Release|Any CPU.ActiveCfg = Release|Any CPU
		{7FA92AFF-7DAE-4D8B-B631-9F27314D37DA}.Debug|Any CPU.ActiveCfg = Debug|Any CPU
		{7FA92AFF-7DAE-4D8B-B631-9F27314D37DA}.Debug|Any CPU.Build.0 = Debug|Any CPU
		{7FA92AFF-7DAE-4D8B-B631-9F27314D37DA}.Release|Any CPU.ActiveCfg = Release|Any CPU
		{7FA92AFF-7DAE-4D8B-B631-9F27314D37DA}.Release|Any CPU.Build.0 = Release|Any CPU
		{D0B3BD5A-6424-4AAE-B551-0E16A9B4EA8C}.Debug|Any CPU.ActiveCfg = Debug|Any CPU
		{D0B3BD5A-6424-4AAE-B551-0E16A9B4EA8C}.Debug|Any CPU.Build.0 = Debug|Any CPU
		{D0B3BD5A-6424-4AAE-B551-0E16A9B4EA8C}.Release|Any CPU.ActiveCfg = Release|Any CPU
		{D0B3BD5A-6424-4AAE-B551-0E16A9B4EA8C}.Release|Any CPU.Build.0 = Release|Any CPU
		{7405B64F-0B30-46BB-AC6F-EFE265FD3688}.Debug|Any CPU.ActiveCfg = Debug|Any CPU
		{7405B64F-0B30-46BB-AC6F-EFE265FD3688}.Debug|Any CPU.Build.0 = Debug|Any CPU
		{7405B64F-0B30-46BB-AC6F-EFE265FD3688}.Release|Any CPU.ActiveCfg = Release|Any CPU
		{7405B64F-0B30-46BB-AC6F-EFE265FD3688}.Release|Any CPU.Build.0 = Release|Any CPU
		{68BB4B53-940E-4D90-8D1D-A90EA09A21F1}.Debug|Any CPU.ActiveCfg = Debug|Any CPU
		{68BB4B53-940E-4D90-8D1D-A90EA09A21F1}.Debug|Any CPU.Build.0 = Debug|Any CPU
		{68BB4B53-940E-4D90-8D1D-A90EA09A21F1}.Release|Any CPU.ActiveCfg = Release|Any CPU
		{68BB4B53-940E-4D90-8D1D-A90EA09A21F1}.Release|Any CPU.Build.0 = Release|Any CPU
		{260FEA07-BC2D-4C07-B993-38F4CFE7DAF5}.Debug|Any CPU.ActiveCfg = Debug|Any CPU
		{260FEA07-BC2D-4C07-B993-38F4CFE7DAF5}.Debug|Any CPU.Build.0 = Debug|Any CPU
		{260FEA07-BC2D-4C07-B993-38F4CFE7DAF5}.Release|Any CPU.ActiveCfg = Release|Any CPU
		{260FEA07-BC2D-4C07-B993-38F4CFE7DAF5}.Release|Any CPU.Build.0 = Release|Any CPU
		{43CED541-7EC7-4E1D-805F-EC665FD8B7EC}.Debug|Any CPU.ActiveCfg = Debug|Any CPU
		{43CED541-7EC7-4E1D-805F-EC665FD8B7EC}.Debug|Any CPU.Build.0 = Debug|Any CPU
		{43CED541-7EC7-4E1D-805F-EC665FD8B7EC}.Release|Any CPU.ActiveCfg = Release|Any CPU
		{43CED541-7EC7-4E1D-805F-EC665FD8B7EC}.Release|Any CPU.Build.0 = Release|Any CPU
		{1A90B926-522C-919C-E286-BB95394F06D1}.Debug|Any CPU.ActiveCfg = Debug|Any CPU
		{1A90B926-522C-919C-E286-BB95394F06D1}.Debug|Any CPU.Build.0 = Debug|Any CPU
		{1A90B926-522C-919C-E286-BB95394F06D1}.Release|Any CPU.ActiveCfg = Release|Any CPU
		{1A90B926-522C-919C-E286-BB95394F06D1}.Release|Any CPU.Build.0 = Release|Any CPU
	EndGlobalSection
	GlobalSection(SolutionProperties) = preSolution
		HideSolutionNode = FALSE
	EndGlobalSection
	GlobalSection(NestedProjects) = preSolution
		{6E290301-79AD-4EF4-8860-5A48CFC8C4E8} = {85265202-82C0-4C3F-BA65-EE9182FCE1F0}
		{7FA92AFF-7DAE-4D8B-B631-9F27314D37DA} = {CB234764-DF2D-4DC3-8590-5B44BD4568EC}
		{D0B3BD5A-6424-4AAE-B551-0E16A9B4EA8C} = {D94C7483-C80A-4B55-9A3C-0CA7AECD469B}
		{7405B64F-0B30-46BB-AC6F-EFE265FD3688} = {EE022570-8319-41F1-A03C-8F03084E673A}
		{68BB4B53-940E-4D90-8D1D-A90EA09A21F1} = {85265202-82C0-4C3F-BA65-EE9182FCE1F0}
		{260FEA07-BC2D-4C07-B993-38F4CFE7DAF5} = {EE022570-8319-41F1-A03C-8F03084E673A}
		{43CED541-7EC7-4E1D-805F-EC665FD8B7EC} = {CB234764-DF2D-4DC3-8590-5B44BD4568EC}
		{1A90B926-522C-919C-E286-BB95394F06D1} = {D94C7483-C80A-4B55-9A3C-0CA7AECD469B}
	EndGlobalSection
	GlobalSection(ExtensibilityGlobals) = postSolution
		SolutionGuid = {A24558A9-BA58-4B2C-BE43-CD75B6A47195}
	EndGlobalSection
EndGlobal
