{
  "version": 1,
  "dependencies": {
    "net8.0": {
      "Cake.Common": {
        "type": "Direct",
        "requested": "[5.0.0, )",
        "resolved": "5.0.0",
        "contentHash": "xRJT+g5lX8iYt7jygqyrN9h/3b4H69QsChTHtRr3h76718Kw4ctZdXQnBydH8TqfDWMbfMpthfrOjReQC1RUzQ==",
        "dependencies": {
          "Cake.Core": "5.0.0",
          "Microsoft.CSharp": "4.7.0",
          "Microsoft.IdentityModel.JsonWebTokens": "8.2.0",
          "Microsoft.NETCore.Platforms": "7.0.4",
          "Microsoft.Win32.Registry": "5.0.0"
        }
      },
      "Cake.Core": {
        "type": "Direct",
        "requested": "[5.0.0, )",
        "resolved": "5.0.0",
        "contentHash": "hq0HlI6bdRoMjUQTKioVjJZxQRxT7SuIjLjfTXO7fWe/alEU4OJumxq6LhTqz06pTRC7e5OrQqXyGKJnq5I+rw==",
        "dependencies": {
          "Microsoft.CSharp": "4.7.0",
          "Microsoft.NETCore.Platforms": "7.0.4",
          "Microsoft.Win32.Registry": "5.0.0"
        }
      },
      "Cake.Testing": {
        "type": "Direct",
        "requested": "[5.0.0, )",
        "resolved": "5.0.0",
        "contentHash": "oEERVvRww03yd54aFtbSFYc7w4xou9X1An8za8JVOM8JvOhp8mNqh53a4+ogJ9qVOgTSFzK/MvbVfZQNeJECjg==",
        "dependencies": {
          "Cake.Core": "5.0.0",
          "Microsoft.CSharp": "4.7.0",
          "Microsoft.NETCore.Platforms": "7.0.4",
          "Microsoft.Win32.Registry": "5.0.0"
        }
      },
      "coverlet.collector": {
        "type": "Direct",
        "requested": "[6.0.0, )",
        "resolved": "6.0.0",
        "contentHash": "tW3lsNS+dAEII6YGUX/VMoJjBS1QvsxqJeqLaJXub08y1FSjasFPtQ4UBUsudE9PNrzLjooClMsPtY2cZLdXpQ=="
      },
      "Microsoft.NET.Test.Sdk": {
        "type": "Direct",
        "requested": "[17.10.0, )",
        "resolved": "17.10.0",
        "contentHash": "0/2HeACkaHEYU3wc83YlcD2Fi4LMtECJjqrtvw0lPi9DCEa35zSPt1j4fuvM8NagjDqJuh1Ja35WcRtn1Um6/A==",
        "dependencies": {
          "Microsoft.CodeCoverage": "17.10.0",
          "Microsoft.TestPlatform.TestHost": "17.10.0"
        }
      },
      "Nerdbank.GitVersioning": {
        "type": "Direct",
        "requested": "[3.7.112, )",
        "resolved": "3.7.112",
        "contentHash": "j0jcfnTjvhytRanVR34Gaj6RFKk8EDmVhRW7929nWjCo8tzBxsa3XmFmbSGDA6nWXGhfehTixWhPgGWAbz+NQA=="
      },
      "NGitLab.Mock": {
        "type": "Direct",
        "requested": "[6.56.0, )",
        "resolved": "6.56.0",
        "contentHash": "PJk4yQiPtaUCTOB7T+NdCUVrupoSWlg6oK7vXwDo0Spf1njAYqyC2tcY3xQJ9785qUbqxddro4DJEnhU5fECxQ==",
        "dependencies": {
          "LibGit2Sharp": "0.30.0",
          "NGitLab": "6.56.0",
          "YamlDotNet": "16.1.3"
        }
      },
      "PublicApiGenerator": {
        "type": "Direct",
        "requested": "[11.1.0, )",
        "resolved": "11.1.0",
        "contentHash": "iHU9N149uYirtVxGZh8dKIGv1CpecHD+5E2NVx1c490LqGyWCORZ52DpVqgjNs1rGluT1LNasRNBBjARssGcIg==",
        "dependencies": {
          "Mono.Cecil": "0.11.5",
          "System.CodeDom": "8.0.0"
        }
      },
      "Verify.Xunit": {
        "type": "Direct",
        "requested": "[26.0.1, )",
        "resolved": "26.0.1",
        "contentHash": "Z7SIhE8fVUAPAbpvXbFs2IiA1CE2DgxaWWh3CaIk79Xy6J5OgGLo8V3r7tYUjCLzxRKXIKDA+D9b/Uoi+xCkmA==",
        "dependencies": {
          "Verify": "26.0.1",
          "xunit.abstractions": "2.0.3",
          "xunit.extensibility.execution": "2.9.0"
        }
      },
      "xunit": {
        "type": "Direct",
        "requested": "[2.9.0, )",
        "resolved": "2.9.0",
        "contentHash": "PtU3rZ0ThdmdJqTbK7GkgFf6iBaCR6Q0uvJHznID+XEYk2v6O/b7sRxqnbi3B2gRDXxjTqMkVNayzwsqsFUxRw==",
        "dependencies": {
          "xunit.analyzers": "1.15.0",
          "xunit.assert": "2.9.0",
          "xunit.core": "[2.9.0]"
        }
      },
      "xunit.runner.visualstudio": {
        "type": "Direct",
        "requested": "[2.8.2, )",
        "resolved": "2.8.2",
        "contentHash": "vm1tbfXhFmjFMUmS4M0J0ASXz3/U5XvXBa6DOQUL3fEz4Vt6YPhv+ESCarx6M6D+9kJkJYZKCNvJMas1+nVfmQ=="
      },
      "Argon": {
        "type": "Transitive",
        "resolved": "0.17.0",
        "contentHash": "TC/5P8sb2AKeC6dLAEx7ex1sr2IiQOI0tZ8yV6J3QT8qp7bUfP/blmwrgZ/zIab84XQ+XScT1zUeok96iZ7ReQ=="
      },
      "DiffEngine": {
        "type": "Transitive",
        "resolved": "15.5.0",
        "contentHash": "bO9PDNuH1VQ3TN/BH9xUiZOc1yxufYq/UnEKm3jg87sQJEOi0TBWLkLntRf/k/5WUpr/FpvVa4gvHqQ9M0F/fg==",
        "dependencies": {
          "EmptyFiles": "8.3.0",
          "System.Management": "8.0.0"
        }
      },
      "EmptyFiles": {
        "type": "Transitive",
        "resolved": "8.3.0",
        "contentHash": "VMI1Q3LUn46eSu2YMWJZ+dFPz0TcniKlGXWixFaTH7zTawn6Di6BE/3x2M5/bsVpW5AFNGSKwifeD6jV3J4Wvw=="
      },
      "LibGit2Sharp": {
        "type": "Transitive",
        "resolved": "0.30.0",
        "contentHash": "1cBg/7nz6q+yzvComhqQaTS4nbXloLp/x29ZgY/Rr82ohpkuaWT8ZYzsPLFvs1zmCh/4xQbVt5sQxazGblgRig==",
        "dependencies": {
          "LibGit2Sharp.NativeBinaries": "[2.0.322]"
        }
      },
      "LibGit2Sharp.NativeBinaries": {
        "type": "Transitive",
        "resolved": "2.0.322",
        "contentHash": "EWQaEevzc8uS1ZGS6T83jqUPBY//2WUSCHwbZHBoHOjlfSehqr30nm/VAhJPzjam/69sv7nlLKVcho9t2XuR/Q=="
      },
      "Microsoft.Bcl.AsyncInterfaces": {
        "type": "Transitive",
        "resolved": "8.0.0",
        "contentHash": "3WA9q9yVqJp222P3x1wYIGDAkpjAku0TMUaaQV22g6L67AI0LdOIrVS7Ht2vJfLHGSPVuqN94vIr15qn+HEkHw=="
      },
      "Microsoft.Bcl.TimeProvider": {
        "type": "Transitive",
        "resolved": "8.0.1",
        "contentHash": "C7kWHJnMRY7EvJev2S8+yJHZ1y7A4ZlLbA4NE+O23BDIAN5mHeqND1m+SKv1ChRS5YlCDW7yAMUe7lttRsJaAA=="
      },
      "Microsoft.CodeCoverage": {
        "type": "Transitive",
        "resolved": "17.10.0",
        "contentHash": "yC7oSlnR54XO5kOuHlVOKtxomNNN1BWXX8lK1G2jaPXT9sUok7kCOoA4Pgs0qyFaCtMrNsprztYMeoEGqCm4uA=="
      },
      "Microsoft.CSharp": {
        "type": "Transitive",
        "resolved": "4.7.0",
        "contentHash": "pTj+D3uJWyN3My70i2Hqo+OXixq3Os2D1nJ2x92FFo6sk8fYS1m1WLNTs0Dc1uPaViH0YvEEwvzddQ7y4rhXmA=="
      },
      "Microsoft.IdentityModel.Abstractions": {
        "type": "Transitive",
        "resolved": "8.2.0",
        "contentHash": "27ClfnelIu92kLGOaz0vjdXR1Jv7hAdLffxxNgR8T0+IMWmxeVyO3cU8oohmuTrWUFOfd2tsSGaRNewnuClIZw=="
      },
      "Microsoft.IdentityModel.JsonWebTokens": {
        "type": "Transitive",
        "resolved": "8.2.0",
        "contentHash": "/DAx+9HeqfkH/PccwHx7cUtQe9fYM6AxEmTla8WXUT+w+mapKLnigWmdKtF55hNvxiSnmGhSSCcG7XrvkpGKFA==",
        "dependencies": {
          "Microsoft.Bcl.TimeProvider": "8.0.1",
          "Microsoft.IdentityModel.Tokens": "8.2.0"
        }
      },
      "Microsoft.IdentityModel.Logging": {
        "type": "Transitive",
        "resolved": "8.2.0",
        "contentHash": "mZsjOZlbmCZfM71y8Fyo+D5UJ1RZFvmKXkxTfE2llQ0/CrfEeWmbpoew51w++EWs+G8B/peZqR1DQtbX3bB6Fg==",
        "dependencies": {
          "Microsoft.IdentityModel.Abstractions": "8.2.0"
        }
      },
      "Microsoft.IdentityModel.Tokens": {
        "type": "Transitive",
        "resolved": "8.2.0",
        "contentHash": "/I+6D3SwW8hQh5wznGzQCrS4L5y5Re/0AEKKfXXAduWzz4WKqJzY8RmjwZ6W66bIFUhPrqOy6zsLKPik4Ppnbw==",
        "dependencies": {
          "Microsoft.Bcl.TimeProvider": "8.0.1",
          "Microsoft.IdentityModel.Logging": "8.2.0"
        }
      },
      "Microsoft.NETCore.Platforms": {
        "type": "Transitive",
        "resolved": "7.0.4",
        "contentHash": "yLEHlNN7O5WiND89r42sepgVwy5W/ZoTiFEdJDV7MHR1lW02LL7Nipz2TD5qM/Kx9W3/k3NP+PAP2qUdOm+leg=="
      },
      "Microsoft.TestPlatform.ObjectModel": {
        "type": "Transitive",
        "resolved": "17.10.0",
        "contentHash": "KkwhjQevuDj0aBRoPLY6OLAhGqbPUEBuKLbaCs0kUVw29qiOYncdORd4mLVJbn9vGZ7/iFGQ/+AoJl0Tu5Umdg==",
        "dependencies": {
          "System.Reflection.Metadata": "1.6.0"
        }
      },
      "Microsoft.TestPlatform.TestHost": {
        "type": "Transitive",
        "resolved": "17.10.0",
        "contentHash": "LWpMdfqhHvcUkeMCvNYJO8QlPLlYz9XPPb+ZbaXIKhdmjAV0wqTSrTiW5FLaf7RRZT50AQADDOYMOe0HxDxNgA==",
        "dependencies": {
          "Microsoft.TestPlatform.ObjectModel": "17.10.0",
          "Newtonsoft.Json": "13.0.1"
        }
      },
      "Microsoft.Win32.Registry": {
        "type": "Transitive",
        "resolved": "5.0.0",
        "contentHash": "dDoKi0PnDz31yAyETfRntsLArTlVAVzUzCIvvEDsDsucrl33Dl8pIJG06ePTJTI3tGpeyHS9Cq7Foc/s4EeKcg==",
        "dependencies": {
          "System.Security.AccessControl": "5.0.0",
          "System.Security.Principal.Windows": "5.0.0"
        }
      },
      "Mono.Cecil": {
        "type": "Transitive",
        "resolved": "0.11.5",
        "contentHash": "fxfX+0JGTZ8YQeu1MYjbBiK2CYTSzDyEeIixt+yqKKTn7FW8rv7JMY70qevup4ZJfD7Kk/VG/jDzQQTpfch87g=="
      },
      "Newtonsoft.Json": {
        "type": "Transitive",
        "resolved": "13.0.1",
        "contentHash": "ppPFpBcvxdsfUonNcvITKqLl3bqxWbDCZIzDWHzjpdAHRFfZe0Dw9HmA0+za13IdyrgJwpkDTDA9fHaxOrt20A=="
      },
      "NGitLab": {
        "type": "Transitive",
        "resolved": "6.56.0",
        "contentHash": "gZsKBvVPG9XrAq8VzYmcX9xPmLYomVWgtBTAIO+IZASLf+WCV0ks8S37QmnFCwJdCpKv7uBkUAmyUz3zv+FT0w==",
        "dependencies": {
          "Microsoft.Bcl.AsyncInterfaces": "8.0.0",
          "System.ComponentModel.Annotations": "5.0.0",
          "System.Text.Json": "8.0.5"
        }
      },
      "SimpleInfoName": {
        "type": "Transitive",
        "resolved": "2.3.0",
        "contentHash": "oasLpQjcW+x3/EEgAmFI1NkrSmjIuXGgxm9dbzTY8XHgv05324QJZb4dh07PzHjKOUK28ImObtXGF7h4pEbpaA=="
      },
      "System.CodeDom": {
        "type": "Transitive",
        "resolved": "8.0.0",
        "contentHash": "WTlRjL6KWIMr/pAaq3rYqh0TJlzpouaQ/W1eelssHgtlwHAH25jXTkUphTYx9HaIIf7XA6qs/0+YhtLEQRkJ+Q=="
      },
      "System.ComponentModel.Annotations": {
        "type": "Transitive",
        "resolved": "5.0.0",
        "contentHash": "dMkqfy2el8A8/I76n2Hi1oBFEbG1SfxD2l5nhwXV3XjlnOmwxJlQbYpJH4W51odnU9sARCSAgv7S3CyAFMkpYg=="
      },
      "System.IO.Hashing": {
        "type": "Transitive",
        "resolved": "8.0.0",
        "contentHash": "ne1843evDugl0md7Fjzy6QjJrzsjh46ZKbhf8GwBXb5f/gw97J4bxMs0NQKifDuThh/f0bZ0e62NPl1jzTuRqA=="
      },
      "System.Management": {
        "type": "Transitive",
        "resolved": "8.0.0",
        "contentHash": "jrK22i5LRzxZCfGb+tGmke2VH7oE0DvcDlJ1HAKYU8cPmD8XnpUT0bYn2Gy98GEhGjtfbR/sxKTVb+dE770pfA==",
        "dependencies": {
          "System.CodeDom": "8.0.0"
        }
      },
      "System.Reflection.Metadata": {
        "type": "Transitive",
        "resolved": "1.6.0",
        "contentHash": "COC1aiAJjCoA5GBF+QKL2uLqEBew4JsCkQmoHKbN3TlOZKa2fKLz5CpiRQKDz0RsAOEGsVKqOD5bomsXq/4STQ=="
      },
      "System.Security.AccessControl": {
        "type": "Transitive",
        "resolved": "5.0.0",
        "contentHash": "dagJ1mHZO3Ani8GH0PHpPEe/oYO+rVdbQjvjJkBRNQkX4t0r1iaeGn8+/ybkSLEan3/slM0t59SVdHzuHf2jmw==",
        "dependencies": {
          "Microsoft.NETCore.Platforms": "5.0.0",
          "System.Security.Principal.Windows": "5.0.0"
        }
      },
      "System.Security.Principal.Windows": {
        "type": "Transitive",
        "resolved": "5.0.0",
        "contentHash": "t0MGLukB5WAVU9bO3MGzvlGnyJPgUlcwerXn1kzBRjwLKixT96XV0Uza41W49gVd8zEMFu9vQEFlv0IOrytICA=="
      },
      "System.Text.Json": {
        "type": "Transitive",
        "resolved": "8.0.5",
        "contentHash": "0f1B50Ss7rqxXiaBJyzUu9bWFOO2/zSlifZ/UNMdiIpDYe4cY4LQQicP4nirK1OS31I43rn062UIJ1Q9bpmHpg=="
      },
      "Verify": {
        "type": "Transitive",
        "resolved": "26.0.1",
        "contentHash": "OYaGbuOkWArXYJND3M1xOT80s52zSSlBWkM9DWo5GF8+epJ+OONi2ETLp97H6sAX2gLXYfON6knmUO7G6zqMyg==",
        "dependencies": {
          "Argon": "0.17.0",
          "DiffEngine": "15.5.0",
          "SimpleInfoName": "2.3.0",
          "System.IO.Hashing": "8.0.0"
        }
      },
      "xunit.abstractions": {
        "type": "Transitive",
        "resolved": "2.0.3",
        "contentHash": "pot1I4YOxlWjIb5jmwvvQNbTrZ3lJQ+jUGkGjWE3hEFM0l5gOnBWS+H3qsex68s5cO52g+44vpGzhAt+42vwKg=="
      },
      "xunit.analyzers": {
        "type": "Transitive",
        "resolved": "1.15.0",
        "contentHash": "s+M8K/Rtlgr6CmD7AYQKrNTvT5sh0l0ZKDoZ3Z/ExhlIwfV9mGAMR4f7KqIB7SSK7ZOhqDTgTUMYPmKfmvWUWQ=="
      },
      "xunit.assert": {
        "type": "Transitive",
        "resolved": "2.9.0",
        "contentHash": "Z/1pyia//860wEYTKn6Q5dmgikJdRjgE4t5AoxJkK8oTmidzPLEPG574kmm7LFkMLbH6Frwmgb750kcyR+hwoA=="
      },
      "xunit.core": {
        "type": "Transitive",
        "resolved": "2.9.0",
        "contentHash": "uRaop9tZsZMCaUS4AfbSPGYHtvywWnm8XXFNUqII7ShWyDBgdchY6gyDNgO4AK1Lv/1NNW61Zq63CsDV6oH6Jg==",
        "dependencies": {
          "xunit.extensibility.core": "[2.9.0]",
          "xunit.extensibility.execution": "[2.9.0]"
        }
      },
      "xunit.extensibility.core": {
        "type": "Transitive",
        "resolved": "2.9.0",
        "contentHash": "zjDEUSxsr6UNij4gIwCgMqQox+oLDPRZ+mubwWLci+SssPBFQD1xeRR4SvgBuXqbE0QXCJ/STVTp+lxiB5NLVA==",
        "dependencies": {
          "xunit.abstractions": "2.0.3"
        }
      },
      "xunit.extensibility.execution": {
        "type": "Transitive",
        "resolved": "2.9.0",
        "contentHash": "5ZTQZvmPLlBw6QzCOwM0KnMsZw6eGjbmC176QHZlcbQoMhGIeGcYzYwn5w9yXxf+4phtplMuVqTpTbFDQh2bqQ==",
        "dependencies": {
          "xunit.extensibility.core": "[2.9.0]"
        }
      },
      "YamlDotNet": {
        "type": "Transitive",
        "resolved": "16.1.3",
        "contentHash": "gtHGiDvU9VTtWte8f0thIM38cL1oowOjStKpeAEKKfA+Rc4AvekJzqFDZiiPcc4kw00ZiwR4OTJS56L16q98DQ=="
      },
      "cake.gitlab": {
        "type": "Project",
        "dependencies": {
          "NGitLab": "[6.56.0, )"
        }
      }
    },
    "net9.0": {
      "Cake.Common": {
        "type": "Direct",
        "requested": "[5.0.0, )",
        "resolved": "5.0.0",
        "contentHash": "xRJT+g5lX8iYt7jygqyrN9h/3b4H69QsChTHtRr3h76718Kw4ctZdXQnBydH8TqfDWMbfMpthfrOjReQC1RUzQ==",
        "dependencies": {
          "Cake.Core": "5.0.0",
          "Microsoft.CSharp": "4.7.0",
          "Microsoft.IdentityModel.JsonWebTokens": "8.2.0",
          "Microsoft.NETCore.Platforms": "7.0.4",
          "Microsoft.Win32.Registry": "5.0.0"
        }
      },
      "Cake.Core": {
        "type": "Direct",
        "requested": "[5.0.0, )",
        "resolved": "5.0.0",
        "contentHash": "hq0HlI6bdRoMjUQTKioVjJZxQRxT7SuIjLjfTXO7fWe/alEU4OJumxq6LhTqz06pTRC7e5OrQqXyGKJnq5I+rw==",
        "dependencies": {
          "Microsoft.CSharp": "4.7.0",
          "Microsoft.NETCore.Platforms": "7.0.4",
          "Microsoft.Win32.Registry": "5.0.0"
        }
      },
      "Cake.Testing": {
        "type": "Direct",
        "requested": "[5.0.0, )",
        "resolved": "5.0.0",
        "contentHash": "oEERVvRww03yd54aFtbSFYc7w4xou9X1An8za8JVOM8JvOhp8mNqh53a4+ogJ9qVOgTSFzK/MvbVfZQNeJECjg==",
        "dependencies": {
          "Cake.Core": "5.0.0",
          "Microsoft.CSharp": "4.7.0",
          "Microsoft.NETCore.Platforms": "7.0.4",
          "Microsoft.Win32.Registry": "5.0.0"
        }
      },
      "coverlet.collector": {
        "type": "Direct",
        "requested": "[6.0.0, )",
        "resolved": "6.0.0",
        "contentHash": "tW3lsNS+dAEII6YGUX/VMoJjBS1QvsxqJeqLaJXub08y1FSjasFPtQ4UBUsudE9PNrzLjooClMsPtY2cZLdXpQ=="
      },
      "Microsoft.NET.Test.Sdk": {
        "type": "Direct",
        "requested": "[17.10.0, )",
        "resolved": "17.10.0",
        "contentHash": "0/2HeACkaHEYU3wc83YlcD2Fi4LMtECJjqrtvw0lPi9DCEa35zSPt1j4fuvM8NagjDqJuh1Ja35WcRtn1Um6/A==",
        "dependencies": {
          "Microsoft.CodeCoverage": "17.10.0",
          "Microsoft.TestPlatform.TestHost": "17.10.0"
        }
      },
      "Nerdbank.GitVersioning": {
        "type": "Direct",
        "requested": "[3.7.112, )",
        "resolved": "3.7.112",
        "contentHash": "j0jcfnTjvhytRanVR34Gaj6RFKk8EDmVhRW7929nWjCo8tzBxsa3XmFmbSGDA6nWXGhfehTixWhPgGWAbz+NQA=="
      },
      "NGitLab.Mock": {
        "type": "Direct",
        "requested": "[6.56.0, )",
        "resolved": "6.56.0",
        "contentHash": "PJk4yQiPtaUCTOB7T+NdCUVrupoSWlg6oK7vXwDo0Spf1njAYqyC2tcY3xQJ9785qUbqxddro4DJEnhU5fECxQ==",
        "dependencies": {
          "LibGit2Sharp": "0.30.0",
          "NGitLab": "6.56.0",
          "YamlDotNet": "16.1.3"
        }
      },
      "PublicApiGenerator": {
        "type": "Direct",
        "requested": "[11.1.0, )",
        "resolved": "11.1.0",
        "contentHash": "iHU9N149uYirtVxGZh8dKIGv1CpecHD+5E2NVx1c490LqGyWCORZ52DpVqgjNs1rGluT1LNasRNBBjARssGcIg==",
        "dependencies": {
          "Mono.Cecil": "0.11.5",
          "System.CodeDom": "8.0.0"
        }
      },
      "Verify.Xunit": {
        "type": "Direct",
        "requested": "[26.0.1, )",
        "resolved": "26.0.1",
        "contentHash": "Z7SIhE8fVUAPAbpvXbFs2IiA1CE2DgxaWWh3CaIk79Xy6J5OgGLo8V3r7tYUjCLzxRKXIKDA+D9b/Uoi+xCkmA==",
        "dependencies": {
          "Verify": "26.0.1",
          "xunit.abstractions": "2.0.3",
          "xunit.extensibility.execution": "2.9.0"
        }
      },
      "xunit": {
        "type": "Direct",
        "requested": "[2.9.0, )",
        "resolved": "2.9.0",
        "contentHash": "PtU3rZ0ThdmdJqTbK7GkgFf6iBaCR6Q0uvJHznID+XEYk2v6O/b7sRxqnbi3B2gRDXxjTqMkVNayzwsqsFUxRw==",
        "dependencies": {
          "xunit.analyzers": "1.15.0",
          "xunit.assert": "2.9.0",
          "xunit.core": "[2.9.0]"
        }
      },
      "xunit.runner.visualstudio": {
        "type": "Direct",
        "requested": "[2.8.2, )",
        "resolved": "2.8.2",
        "contentHash": "vm1tbfXhFmjFMUmS4M0J0ASXz3/U5XvXBa6DOQUL3fEz4Vt6YPhv+ESCarx6M6D+9kJkJYZKCNvJMas1+nVfmQ=="
      },
      "Argon": {
        "type": "Transitive",
        "resolved": "0.17.0",
        "contentHash": "TC/5P8sb2AKeC6dLAEx7ex1sr2IiQOI0tZ8yV6J3QT8qp7bUfP/blmwrgZ/zIab84XQ+XScT1zUeok96iZ7ReQ=="
      },
      "DiffEngine": {
        "type": "Transitive",
        "resolved": "15.5.0",
        "contentHash": "bO9PDNuH1VQ3TN/BH9xUiZOc1yxufYq/UnEKm3jg87sQJEOi0TBWLkLntRf/k/5WUpr/FpvVa4gvHqQ9M0F/fg==",
        "dependencies": {
          "EmptyFiles": "8.3.0",
          "System.Collections.Immutable": "8.0.0",
          "System.Management": "8.0.0"
        }
      },
      "EmptyFiles": {
        "type": "Transitive",
        "resolved": "8.3.0",
        "contentHash": "VMI1Q3LUn46eSu2YMWJZ+dFPz0TcniKlGXWixFaTH7zTawn6Di6BE/3x2M5/bsVpW5AFNGSKwifeD6jV3J4Wvw=="
      },
      "LibGit2Sharp": {
        "type": "Transitive",
        "resolved": "0.30.0",
        "contentHash": "1cBg/7nz6q+yzvComhqQaTS4nbXloLp/x29ZgY/Rr82ohpkuaWT8ZYzsPLFvs1zmCh/4xQbVt5sQxazGblgRig==",
        "dependencies": {
          "LibGit2Sharp.NativeBinaries": "[2.0.322]"
        }
      },
      "LibGit2Sharp.NativeBinaries": {
        "type": "Transitive",
        "resolved": "2.0.322",
        "contentHash": "EWQaEevzc8uS1ZGS6T83jqUPBY//2WUSCHwbZHBoHOjlfSehqr30nm/VAhJPzjam/69sv7nlLKVcho9t2XuR/Q=="
      },
      "Microsoft.Bcl.AsyncInterfaces": {
        "type": "Transitive",
        "resolved": "8.0.0",
        "contentHash": "3WA9q9yVqJp222P3x1wYIGDAkpjAku0TMUaaQV22g6L67AI0LdOIrVS7Ht2vJfLHGSPVuqN94vIr15qn+HEkHw=="
      },
      "Microsoft.Bcl.TimeProvider": {
        "type": "Transitive",
        "resolved": "8.0.1",
        "contentHash": "C7kWHJnMRY7EvJev2S8+yJHZ1y7A4ZlLbA4NE+O23BDIAN5mHeqND1m+SKv1ChRS5YlCDW7yAMUe7lttRsJaAA=="
      },
      "Microsoft.CodeCoverage": {
        "type": "Transitive",
        "resolved": "17.10.0",
        "contentHash": "yC7oSlnR54XO5kOuHlVOKtxomNNN1BWXX8lK1G2jaPXT9sUok7kCOoA4Pgs0qyFaCtMrNsprztYMeoEGqCm4uA=="
      },
      "Microsoft.CSharp": {
        "type": "Transitive",
        "resolved": "4.7.0",
        "contentHash": "pTj+D3uJWyN3My70i2Hqo+OXixq3Os2D1nJ2x92FFo6sk8fYS1m1WLNTs0Dc1uPaViH0YvEEwvzddQ7y4rhXmA=="
      },
      "Microsoft.IdentityModel.Abstractions": {
        "type": "Transitive",
        "resolved": "8.2.0",
        "contentHash": "27ClfnelIu92kLGOaz0vjdXR1Jv7hAdLffxxNgR8T0+IMWmxeVyO3cU8oohmuTrWUFOfd2tsSGaRNewnuClIZw=="
      },
      "Microsoft.IdentityModel.JsonWebTokens": {
        "type": "Transitive",
        "resolved": "8.2.0",
        "contentHash": "/DAx+9HeqfkH/PccwHx7cUtQe9fYM6AxEmTla8WXUT+w+mapKLnigWmdKtF55hNvxiSnmGhSSCcG7XrvkpGKFA==",
        "dependencies": {
          "Microsoft.Bcl.TimeProvider": "8.0.1",
          "Microsoft.IdentityModel.Tokens": "8.2.0"
        }
      },
      "Microsoft.IdentityModel.Logging": {
        "type": "Transitive",
        "resolved": "8.2.0",
        "contentHash": "mZsjOZlbmCZfM71y8Fyo+D5UJ1RZFvmKXkxTfE2llQ0/CrfEeWmbpoew51w++EWs+G8B/peZqR1DQtbX3bB6Fg==",
        "dependencies": {
          "Microsoft.IdentityModel.Abstractions": "8.2.0"
        }
      },
      "Microsoft.IdentityModel.Tokens": {
        "type": "Transitive",
        "resolved": "8.2.0",
        "contentHash": "/I+6D3SwW8hQh5wznGzQCrS4L5y5Re/0AEKKfXXAduWzz4WKqJzY8RmjwZ6W66bIFUhPrqOy6zsLKPik4Ppnbw==",
        "dependencies": {
          "Microsoft.Bcl.TimeProvider": "8.0.1",
          "Microsoft.IdentityModel.Logging": "8.2.0"
        }
      },
      "Microsoft.NETCore.Platforms": {
        "type": "Transitive",
        "resolved": "7.0.4",
        "contentHash": "yLEHlNN7O5WiND89r42sepgVwy5W/ZoTiFEdJDV7MHR1lW02LL7Nipz2TD5qM/Kx9W3/k3NP+PAP2qUdOm+leg=="
      },
      "Microsoft.TestPlatform.ObjectModel": {
        "type": "Transitive",
        "resolved": "17.10.0",
        "contentHash": "KkwhjQevuDj0aBRoPLY6OLAhGqbPUEBuKLbaCs0kUVw29qiOYncdORd4mLVJbn9vGZ7/iFGQ/+AoJl0Tu5Umdg==",
        "dependencies": {
          "System.Reflection.Metadata": "1.6.0"
        }
      },
      "Microsoft.TestPlatform.TestHost": {
        "type": "Transitive",
        "resolved": "17.10.0",
        "contentHash": "LWpMdfqhHvcUkeMCvNYJO8QlPLlYz9XPPb+ZbaXIKhdmjAV0wqTSrTiW5FLaf7RRZT50AQADDOYMOe0HxDxNgA==",
        "dependencies": {
          "Microsoft.TestPlatform.ObjectModel": "17.10.0",
          "Newtonsoft.Json": "13.0.1"
        }
      },
      "Microsoft.Win32.Registry": {
        "type": "Transitive",
        "resolved": "5.0.0",
        "contentHash": "dDoKi0PnDz31yAyETfRntsLArTlVAVzUzCIvvEDsDsucrl33Dl8pIJG06ePTJTI3tGpeyHS9Cq7Foc/s4EeKcg==",
        "dependencies": {
          "System.Security.AccessControl": "5.0.0",
          "System.Security.Principal.Windows": "5.0.0"
        }
      },
      "Mono.Cecil": {
        "type": "Transitive",
        "resolved": "0.11.5",
        "contentHash": "fxfX+0JGTZ8YQeu1MYjbBiK2CYTSzDyEeIixt+yqKKTn7FW8rv7JMY70qevup4ZJfD7Kk/VG/jDzQQTpfch87g=="
      },
      "Newtonsoft.Json": {
        "type": "Transitive",
        "resolved": "13.0.1",
        "contentHash": "ppPFpBcvxdsfUonNcvITKqLl3bqxWbDCZIzDWHzjpdAHRFfZe0Dw9HmA0+za13IdyrgJwpkDTDA9fHaxOrt20A=="
      },
      "NGitLab": {
        "type": "Transitive",
        "resolved": "6.56.0",
        "contentHash": "gZsKBvVPG9XrAq8VzYmcX9xPmLYomVWgtBTAIO+IZASLf+WCV0ks8S37QmnFCwJdCpKv7uBkUAmyUz3zv+FT0w==",
        "dependencies": {
          "Microsoft.Bcl.AsyncInterfaces": "8.0.0",
          "System.ComponentModel.Annotations": "5.0.0",
          "System.Text.Json": "8.0.5"
        }
      },
      "SimpleInfoName": {
        "type": "Transitive",
        "resolved": "2.3.0",
        "contentHash": "oasLpQjcW+x3/EEgAmFI1NkrSmjIuXGgxm9dbzTY8XHgv05324QJZb4dh07PzHjKOUK28ImObtXGF7h4pEbpaA=="
      },
      "System.CodeDom": {
        "type": "Transitive",
        "resolved": "8.0.0",
        "contentHash": "WTlRjL6KWIMr/pAaq3rYqh0TJlzpouaQ/W1eelssHgtlwHAH25jXTkUphTYx9HaIIf7XA6qs/0+YhtLEQRkJ+Q=="
      },
      "System.Collections.Immutable": {
        "type": "Transitive",
        "resolved": "8.0.0",
        "contentHash": "AurL6Y5BA1WotzlEvVaIDpqzpIPvYnnldxru8oXJU2yFxFUy3+pNXjXd1ymO+RA0rq0+590Q8gaz2l3Sr7fmqg=="
      },
      "System.ComponentModel.Annotations": {
        "type": "Transitive",
        "resolved": "5.0.0",
        "contentHash": "dMkqfy2el8A8/I76n2Hi1oBFEbG1SfxD2l5nhwXV3XjlnOmwxJlQbYpJH4W51odnU9sARCSAgv7S3CyAFMkpYg=="
      },
      "System.IO.Hashing": {
        "type": "Transitive",
        "resolved": "8.0.0",
        "contentHash": "ne1843evDugl0md7Fjzy6QjJrzsjh46ZKbhf8GwBXb5f/gw97J4bxMs0NQKifDuThh/f0bZ0e62NPl1jzTuRqA=="
      },
      "System.Management": {
        "type": "Transitive",
        "resolved": "8.0.0",
        "contentHash": "jrK22i5LRzxZCfGb+tGmke2VH7oE0DvcDlJ1HAKYU8cPmD8XnpUT0bYn2Gy98GEhGjtfbR/sxKTVb+dE770pfA==",
        "dependencies": {
          "System.CodeDom": "8.0.0"
        }
      },
      "System.Reflection.Metadata": {
        "type": "Transitive",
        "resolved": "1.6.0",
        "contentHash": "COC1aiAJjCoA5GBF+QKL2uLqEBew4JsCkQmoHKbN3TlOZKa2fKLz5CpiRQKDz0RsAOEGsVKqOD5bomsXq/4STQ=="
      },
      "System.Security.AccessControl": {
        "type": "Transitive",
        "resolved": "5.0.0",
        "contentHash": "dagJ1mHZO3Ani8GH0PHpPEe/oYO+rVdbQjvjJkBRNQkX4t0r1iaeGn8+/ybkSLEan3/slM0t59SVdHzuHf2jmw==",
        "dependencies": {
          "Microsoft.NETCore.Platforms": "5.0.0",
          "System.Security.Principal.Windows": "5.0.0"
        }
      },
      "System.Security.Principal.Windows": {
        "type": "Transitive",
        "resolved": "5.0.0",
        "contentHash": "t0MGLukB5WAVU9bO3MGzvlGnyJPgUlcwerXn1kzBRjwLKixT96XV0Uza41W49gVd8zEMFu9vQEFlv0IOrytICA=="
      },
      "System.Text.Json": {
        "type": "Transitive",
        "resolved": "8.0.5",
        "contentHash": "0f1B50Ss7rqxXiaBJyzUu9bWFOO2/zSlifZ/UNMdiIpDYe4cY4LQQicP4nirK1OS31I43rn062UIJ1Q9bpmHpg=="
      },
      "Verify": {
        "type": "Transitive",
        "resolved": "26.0.1",
        "contentHash": "OYaGbuOkWArXYJND3M1xOT80s52zSSlBWkM9DWo5GF8+epJ+OONi2ETLp97H6sAX2gLXYfON6knmUO7G6zqMyg==",
        "dependencies": {
          "Argon": "0.17.0",
          "DiffEngine": "15.5.0",
          "SimpleInfoName": "2.3.0",
          "System.IO.Hashing": "8.0.0"
        }
      },
      "xunit.abstractions": {
        "type": "Transitive",
        "resolved": "2.0.3",
        "contentHash": "pot1I4YOxlWjIb5jmwvvQNbTrZ3lJQ+jUGkGjWE3hEFM0l5gOnBWS+H3qsex68s5cO52g+44vpGzhAt+42vwKg=="
      },
      "xunit.analyzers": {
        "type": "Transitive",
        "resolved": "1.15.0",
        "contentHash": "s+M8K/Rtlgr6CmD7AYQKrNTvT5sh0l0ZKDoZ3Z/ExhlIwfV9mGAMR4f7KqIB7SSK7ZOhqDTgTUMYPmKfmvWUWQ=="
      },
      "xunit.assert": {
        "type": "Transitive",
        "resolved": "2.9.0",
        "contentHash": "Z/1pyia//860wEYTKn6Q5dmgikJdRjgE4t5AoxJkK8oTmidzPLEPG574kmm7LFkMLbH6Frwmgb750kcyR+hwoA=="
      },
      "xunit.core": {
        "type": "Transitive",
        "resolved": "2.9.0",
        "contentHash": "uRaop9tZsZMCaUS4AfbSPGYHtvywWnm8XXFNUqII7ShWyDBgdchY6gyDNgO4AK1Lv/1NNW61Zq63CsDV6oH6Jg==",
        "dependencies": {
          "xunit.extensibility.core": "[2.9.0]",
          "xunit.extensibility.execution": "[2.9.0]"
        }
      },
      "xunit.extensibility.core": {
        "type": "Transitive",
        "resolved": "2.9.0",
        "contentHash": "zjDEUSxsr6UNij4gIwCgMqQox+oLDPRZ+mubwWLci+SssPBFQD1xeRR4SvgBuXqbE0QXCJ/STVTp+lxiB5NLVA==",
        "dependencies": {
          "xunit.abstractions": "2.0.3"
        }
      },
      "xunit.extensibility.execution": {
        "type": "Transitive",
        "resolved": "2.9.0",
        "contentHash": "5ZTQZvmPLlBw6QzCOwM0KnMsZw6eGjbmC176QHZlcbQoMhGIeGcYzYwn5w9yXxf+4phtplMuVqTpTbFDQh2bqQ==",
        "dependencies": {
          "xunit.extensibility.core": "[2.9.0]"
        }
      },
      "YamlDotNet": {
        "type": "Transitive",
        "resolved": "16.1.3",
        "contentHash": "gtHGiDvU9VTtWte8f0thIM38cL1oowOjStKpeAEKKfA+Rc4AvekJzqFDZiiPcc4kw00ZiwR4OTJS56L16q98DQ=="
      },
      "cake.gitlab": {
        "type": "Project",
        "dependencies": {
          "NGitLab": "[6.56.0, )"
        }
      }
    }
  }
}