{
  "version": 1,
  "dependencies": {
    "net8.0": {
      "Cake.Common": {
        "type": "Direct",
        "requested": "[5.0.0, )",
        "resolved": "5.0.0",
        "contentHash": "xRJT+g5lX8iYt7jygqyrN9h/3b4H69QsChTHtRr3h76718Kw4ctZdXQnBydH8TqfDWMbfMpthfrOjReQC1RUzQ==",
        "dependencies": {
          "Cake.Core": "5.0.0",
          "Microsoft.CSharp": "4.7.0",
          "Microsoft.IdentityModel.JsonWebTokens": "8.2.0",
          "Microsoft.NETCore.Platforms": "7.0.4",
          "Microsoft.Win32.Registry": "5.0.0"
        }
      },
      "Cake.Core": {
        "type": "Direct",
        "requested": "[5.0.0, )",
        "resolved": "5.0.0",
        "contentHash": "hq0HlI6bdRoMjUQTKioVjJZxQRxT7SuIjLjfTXO7fWe/alEU4OJumxq6LhTqz06pTRC7e5OrQqXyGKJnq5I+rw==",
        "dependencies": {
          "Microsoft.CSharp": "4.7.0",
          "Microsoft.NETCore.Platforms": "7.0.4",
          "Microsoft.Win32.Registry": "5.0.0"
        }
      },
      "coverlet.collector": {
        "type": "Direct",
        "requested": "[6.0.4, )",
        "resolved": "6.0.4",
        "contentHash": "lkhqpF8Pu2Y7IiN7OntbsTtdbpR1syMsm2F3IgX6ootA4ffRqWL5jF7XipHuZQTdVuWG/gVAAcf8mjk8Tz0xPg=="
      },
      "Microsoft.NET.Test.Sdk": {
        "type": "Direct",
        "requested": "[17.13.0, )",
        "resolved": "17.13.0",
        "contentHash": "W19wCPizaIC9Zh47w8wWI/yxuqR7/dtABwOrc8r2jX/8mUNxM2vw4fXDh+DJTeogxV+KzKwg5jNNGQVwf3LXyA==",
        "dependencies": {
          "Microsoft.CodeCoverage": "17.13.0",
          "Microsoft.TestPlatform.TestHost": "17.13.0"
        }
      },
      "Nerdbank.GitVersioning": {
        "type": "Direct",
        "requested": "[3.7.115, )",
        "resolved": "3.7.115",
        "contentHash": "EpXamaAdRfG/BMxGgvZlTM0npRnkmXUjAj8OdNKd17t4oN+2nvjdv/KnFmzOOMDqvlwB49UCwtOHJrAQTfUBtQ=="
      },
      "NGitLab.Mock": {
        "type": "Direct",
        "requested": "[8.3.0, )",
        "resolved": "8.3.0",
        "contentHash": "mO5vSW2OXflOzmyOMc/+qtGxfQVXoBeh8SNZZ3sDjUybjf/7qjOLVN8NnvR04xr9xhNjgP8jpkwk9tu9ukMXpA==",
        "dependencies": {
          "LibGit2Sharp": "0.30.0",
          "NGitLab": "8.3.0",
          "YamlDotNet": "16.3.0"
        }
      },
      "PublicApiGenerator": {
        "type": "Direct",
        "requested": "[11.4.5, )",
        "resolved": "11.4.5",
        "contentHash": "S9hJcL48erakoKHqXx47IvzbBYH10Y7a8yS2QVkNgQttfX/dNL+WIiaqUsBg7tFjFlxBRiFhd4mLN6QXZ50F/A==",
        "dependencies": {
          "Mono.Cecil": "0.11.6",
          "System.CodeDom": "6.0.0"
        }
      },
      "Verify.XunitV3": {
        "type": "Direct",
        "requested": "[28.9.0, )",
        "resolved": "28.9.0",
        "contentHash": "StgNBYG7zCjHOniIyRrmn3fpva1Nupyea1f92JGmOx8yWEoWxCwQ+V3rsiHmalPID41gHBKKGTpjLOZqoo7QKw==",
        "dependencies": {
          "Argon": "0.26.0",
          "DiffEngine": "15.8.0",
          "Microsoft.Bcl.AsyncInterfaces": "9.0.0",
          "SimpleInfoName": "3.1.0",
          "System.IO.Hashing": "9.0.0",
          "Verify": "28.9.0",
          "xunit.v3.extensibility.core": "1.0.1"
        }
      },
      "xunit.runner.visualstudio": {
        "type": "Direct",
        "requested": "[3.0.2, )",
        "resolved": "3.0.2",
        "contentHash": "oXbusR6iPq0xlqoikjdLvzh+wQDkMv9If58myz9MEzldS4nIcp442Btgs2sWbYWV+caEluMe2pQCZ0hUZgPiow=="
      },
      "xunit.v3": {
        "type": "Direct",
        "requested": "[1.1.0, )",
        "resolved": "1.1.0",
        "contentHash": "1ckSz5GVswlM9TCk5bGdHOjnYwqAWjkeqxckoHawQIA8sTeuN+RCBUypCi5A/Um0XlczRx5TjAK5W6BbN0HLcQ==",
        "dependencies": {
          "xunit.analyzers": "1.20.0",
          "xunit.v3.assert": "[1.1.0]",
          "xunit.v3.core": "[1.1.0]"
        }
      },
      "Argon": {
        "type": "Transitive",
        "resolved": "0.26.0",
        "contentHash": "n7btGXdtRyprGnpLMpBs6rLScxlvPtVWwmTR8h7CtJvpZXBGhGvibEdZxRjeTZNrwf403jJ0ZPpt35Pz/NaNsw=="
      },
      "DiffEngine": {
        "type": "Transitive",
        "resolved": "15.8.0",
        "contentHash": "+2cUvCcpUWziG6hnns6lwxkj6VVA+WsEGx3JqHIAt/1D7p+zpyWebqXihcfXzrZ5EqQmM4h+PpuUhYWH0TeCvQ==",
        "dependencies": {
          "EmptyFiles": "8.7.1",
          "System.Management": "9.0.0"
        }
      },
      "EmptyFiles": {
        "type": "Transitive",
        "resolved": "8.7.1",
        "contentHash": "C8pvg0TvG2Mkn5LGNFGkFgFu8SUgYFwiu8U3y34qGQnnwKmGnlQTfTIUrtzfSjPxA4q7L/kRu09U5p32otZ2Aw=="
      },
      "LibGit2Sharp": {
        "type": "Transitive",
        "resolved": "0.30.0",
        "contentHash": "1cBg/7nz6q+yzvComhqQaTS4nbXloLp/x29ZgY/Rr82ohpkuaWT8ZYzsPLFvs1zmCh/4xQbVt5sQxazGblgRig==",
        "dependencies": {
          "LibGit2Sharp.NativeBinaries": "[2.0.322]"
        }
      },
      "LibGit2Sharp.NativeBinaries": {
        "type": "Transitive",
        "resolved": "2.0.322",
        "contentHash": "EWQaEevzc8uS1ZGS6T83jqUPBY//2WUSCHwbZHBoHOjlfSehqr30nm/VAhJPzjam/69sv7nlLKVcho9t2XuR/Q=="
      },
      "Microsoft.Bcl.AsyncInterfaces": {
        "type": "Transitive",
        "resolved": "9.0.0",
        "contentHash": "owmu2Cr3IQ8yQiBleBHlGk8dSQ12oaF2e7TpzwJKEl4m84kkZJjEY1n33L67Y3zM5jPOjmmbdHjbfiL0RqcMRQ=="
      },
      "Microsoft.Bcl.TimeProvider": {
        "type": "Transitive",
        "resolved": "8.0.1",
        "contentHash": "C7kWHJnMRY7EvJev2S8+yJHZ1y7A4ZlLbA4NE+O23BDIAN5mHeqND1m+SKv1ChRS5YlCDW7yAMUe7lttRsJaAA=="
      },
      "Microsoft.CodeCoverage": {
        "type": "Transitive",
        "resolved": "17.13.0",
        "contentHash": "9LIUy0y+DvUmEPtbRDw6Bay3rzwqFV8P4efTrK4CZhQle3M/QwLPjISghfcolmEGAPWxuJi6m98ZEfk4VR4Lfg=="
      },
      "Microsoft.CSharp": {
        "type": "Transitive",
        "resolved": "4.7.0",
        "contentHash": "pTj+D3uJWyN3My70i2Hqo+OXixq3Os2D1nJ2x92FFo6sk8fYS1m1WLNTs0Dc1uPaViH0YvEEwvzddQ7y4rhXmA=="
      },
      "Microsoft.IdentityModel.Abstractions": {
        "type": "Transitive",
        "resolved": "8.2.0",
        "contentHash": "27ClfnelIu92kLGOaz0vjdXR1Jv7hAdLffxxNgR8T0+IMWmxeVyO3cU8oohmuTrWUFOfd2tsSGaRNewnuClIZw=="
      },
      "Microsoft.IdentityModel.JsonWebTokens": {
        "type": "Transitive",
        "resolved": "8.2.0",
        "contentHash": "/DAx+9HeqfkH/PccwHx7cUtQe9fYM6AxEmTla8WXUT+w+mapKLnigWmdKtF55hNvxiSnmGhSSCcG7XrvkpGKFA==",
        "dependencies": {
          "Microsoft.Bcl.TimeProvider": "8.0.1",
          "Microsoft.IdentityModel.Tokens": "8.2.0"
        }
      },
      "Microsoft.IdentityModel.Logging": {
        "type": "Transitive",
        "resolved": "8.2.0",
        "contentHash": "mZsjOZlbmCZfM71y8Fyo+D5UJ1RZFvmKXkxTfE2llQ0/CrfEeWmbpoew51w++EWs+G8B/peZqR1DQtbX3bB6Fg==",
        "dependencies": {
          "Microsoft.IdentityModel.Abstractions": "8.2.0"
        }
      },
      "Microsoft.IdentityModel.Tokens": {
        "type": "Transitive",
        "resolved": "8.2.0",
        "contentHash": "/I+6D3SwW8hQh5wznGzQCrS4L5y5Re/0AEKKfXXAduWzz4WKqJzY8RmjwZ6W66bIFUhPrqOy6zsLKPik4Ppnbw==",
        "dependencies": {
          "Microsoft.Bcl.TimeProvider": "8.0.1",
          "Microsoft.IdentityModel.Logging": "8.2.0"
        }
      },
      "Microsoft.NETCore.Platforms": {
        "type": "Transitive",
        "resolved": "7.0.4",
        "contentHash": "yLEHlNN7O5WiND89r42sepgVwy5W/ZoTiFEdJDV7MHR1lW02LL7Nipz2TD5qM/Kx9W3/k3NP+PAP2qUdOm+leg=="
      },
      "Microsoft.Testing.Extensions.TrxReport.Abstractions": {
        "type": "Transitive",
        "resolved": "1.5.3",
        "contentHash": "h34zKNpGyni66VH738mRHeXSnf3klSShUdavUWNhSfWICUUi5aXeI0LBvoX/ad93N0+9xBDU3Fyi6WfxrwKQGw==",
        "dependencies": {
          "Microsoft.Testing.Platform": "1.5.3"
        }
      },
      "Microsoft.Testing.Platform": {
        "type": "Transitive",
        "resolved": "1.5.3",
        "contentHash": "WqJydnJ99dEKtquR9HwINz104ehWJKTXbQQrydGatlLRw14bmsx0pa8+E6KUXMYXZAimN0swWlDmcJGjjW4TIg=="
      },
      "Microsoft.Testing.Platform.MSBuild": {
        "type": "Transitive",
        "resolved": "1.5.3",
        "contentHash": "bOtpRMSPeT5YLQo+NNY8EtdNTphAUcmALjW4ABU7P0rb6yR2XAZau3TzNieLmR3lRuwudguWzzBhgcLRXwZh0A==",
        "dependencies": {
          "Microsoft.Testing.Platform": "1.5.3"
        }
      },
      "Microsoft.TestPlatform.ObjectModel": {
        "type": "Transitive",
        "resolved": "17.13.0",
        "contentHash": "bt0E0Dx+iqW97o4A59RCmUmz/5NarJ7LRL+jXbSHod72ibL5XdNm1Ke+UO5tFhBG4VwHLcSjqq9BUSblGNWamw==",
        "dependencies": {
          "System.Reflection.Metadata": "1.6.0"
        }
      },
      "Microsoft.TestPlatform.TestHost": {
        "type": "Transitive",
        "resolved": "17.13.0",
        "contentHash": "9GGw08Dc3AXspjekdyTdZ/wYWFlxbgcF0s7BKxzVX+hzAwpifDOdxM+ceVaaJSQOwqt3jtuNlHn3XTpKUS9x9Q==",
        "dependencies": {
          "Microsoft.TestPlatform.ObjectModel": "17.13.0",
          "Newtonsoft.Json": "13.0.1"
        }
      },
      "Microsoft.Win32.Registry": {
        "type": "Transitive",
        "resolved": "5.0.0",
        "contentHash": "dDoKi0PnDz31yAyETfRntsLArTlVAVzUzCIvvEDsDsucrl33Dl8pIJG06ePTJTI3tGpeyHS9Cq7Foc/s4EeKcg==",
        "dependencies": {
          "System.Security.AccessControl": "5.0.0",
          "System.Security.Principal.Windows": "5.0.0"
        }
      },
      "Mono.Cecil": {
        "type": "Transitive",
        "resolved": "0.11.6",
        "contentHash": "f33RkDtZO8VlGXCtmQIviOtxgnUdym9xx/b1p9h91CRGOsJFxCFOFK1FDbVt1OCf1aWwYejUFa2MOQyFWTFjbA=="
      },
      "Newtonsoft.Json": {
        "type": "Transitive",
        "resolved": "13.0.1",
        "contentHash": "ppPFpBcvxdsfUonNcvITKqLl3bqxWbDCZIzDWHzjpdAHRFfZe0Dw9HmA0+za13IdyrgJwpkDTDA9fHaxOrt20A=="
      },
      "NGitLab": {
        "type": "Transitive",
        "resolved": "8.3.0",
        "contentHash": "Rd39LKudlE0S1dNIBjaXwWOy3UZqV4aBzWmGM6YY5YUKFseeXJpCjhFdV3ls917ZyU2r8K3z0jjG7Fj8rf4+4A==",
        "dependencies": {
          "Microsoft.Bcl.AsyncInterfaces": "8.0.0",
          "System.ComponentModel.Annotations": "5.0.0",
          "System.Text.Json": "8.0.5"
        }
      },
      "SimpleInfoName": {
        "type": "Transitive",
        "resolved": "3.1.0",
        "contentHash": "j+ENh86NhxrgDc6T1ueqIR2QOdDkSJY2dbTFyPN/JvIXifB4GHAunlMw/x7P6m7XaXEHr3s+SMZfKBlmnmkO6g=="
      },
      "System.CodeDom": {
        "type": "Transitive",
        "resolved": "9.0.0",
        "contentHash": "oTE5IfuMoET8yaZP/vdvy9xO47guAv/rOhe4DODuFBN3ySprcQOlXqO3j+e/H/YpKKR5sglrxRaZ2HYOhNJrqA=="
      },
      "System.Collections.Immutable": {
        "type": "Transitive",
        "resolved": "8.0.0",
        "contentHash": "AurL6Y5BA1WotzlEvVaIDpqzpIPvYnnldxru8oXJU2yFxFUy3+pNXjXd1ymO+RA0rq0+590Q8gaz2l3Sr7fmqg=="
      },
      "System.ComponentModel.Annotations": {
        "type": "Transitive",
        "resolved": "5.0.0",
        "contentHash": "dMkqfy2el8A8/I76n2Hi1oBFEbG1SfxD2l5nhwXV3XjlnOmwxJlQbYpJH4W51odnU9sARCSAgv7S3CyAFMkpYg=="
      },
      "System.IO.Hashing": {
        "type": "Transitive",
        "resolved": "9.0.0",
        "contentHash": "seeO8icDfED/Qwl9PDFUx2Gf/7xv7dPsMnw5PnRwNZuz4EWMpy0wIVohC4MfCcTIoJgp+KUrWG4WH3NPSusQOA=="
      },
      "System.Management": {
        "type": "Transitive",
        "resolved": "9.0.0",
        "contentHash": "bVh4xAMI5grY5GZoklKcMBLirhC8Lqzp63Ft3zXJacwGAlLyFdF4k0qz4pnKIlO6HyL2Z4zqmHm9UkzEo6FFsA==",
        "dependencies": {
          "System.CodeDom": "9.0.0"
        }
      },
      "System.Memory": {
        "type": "Transitive",
        "resolved": "4.6.0",
        "contentHash": "OEkbBQoklHngJ8UD8ez2AERSk2g+/qpAaSWWCBFbpH727HxDq5ydVkuncBaKcKfwRqXGWx64dS6G1SUScMsitg=="
      },
      "System.Reflection.Metadata": {
        "type": "Transitive",
        "resolved": "1.6.0",
        "contentHash": "COC1aiAJjCoA5GBF+QKL2uLqEBew4JsCkQmoHKbN3TlOZKa2fKLz5CpiRQKDz0RsAOEGsVKqOD5bomsXq/4STQ=="
      },
      "System.Security.AccessControl": {
        "type": "Transitive",
        "resolved": "5.0.0",
        "contentHash": "dagJ1mHZO3Ani8GH0PHpPEe/oYO+rVdbQjvjJkBRNQkX4t0r1iaeGn8+/ybkSLEan3/slM0t59SVdHzuHf2jmw==",
        "dependencies": {
          "Microsoft.NETCore.Platforms": "5.0.0",
          "System.Security.Principal.Windows": "5.0.0"
        }
      },
      "System.Security.Principal.Windows": {
        "type": "Transitive",
        "resolved": "5.0.0",
        "contentHash": "t0MGLukB5WAVU9bO3MGzvlGnyJPgUlcwerXn1kzBRjwLKixT96XV0Uza41W49gVd8zEMFu9vQEFlv0IOrytICA=="
      },
      "System.Text.Json": {
        "type": "Transitive",
        "resolved": "8.0.5",
        "contentHash": "0f1B50Ss7rqxXiaBJyzUu9bWFOO2/zSlifZ/UNMdiIpDYe4cY4LQQicP4nirK1OS31I43rn062UIJ1Q9bpmHpg=="
      },
      "Verify": {
        "type": "Transitive",
        "resolved": "28.9.0",
        "contentHash": "qni0zDkkYSPIhnYejZCOq5ueH+y0s7kEdpSbFXarcxP7rjZvZD0Yuc567KFVFMbVRAo9IORfv9zcXtTGFmpz8A==",
        "dependencies": {
          "Argon": "0.26.0",
          "DiffEngine": "15.8.0",
          "SimpleInfoName": "3.1.0",
          "System.IO.Hashing": "9.0.0"
        }
      },
      "xunit.analyzers": {
        "type": "Transitive",
        "resolved": "1.20.0",
        "contentHash": "HElev2E9vFbPxwKRQtpCSSzLOu8M/N9EWBCB37v7SRx6z4Lbj19FxfLEig3v9jiI6s4b0l2uena91nEsTWl9jA=="
      },
      "xunit.v3.assert": {
        "type": "Transitive",
        "resolved": "1.1.0",
        "contentHash": "4D+eM08ImfhA+zLbRzi8HA4qsT98zDxgaCD7vCg8yFesokKsgSsqWsAmImHFjVymGVhVS7WFGb19d6v1k9i0xQ==",
        "dependencies": {
          "System.Collections.Immutable": "8.0.0",
          "System.Memory": "4.6.0"
        }
      },
      "xunit.v3.common": {
        "type": "Transitive",
        "resolved": "1.1.0",
        "contentHash": "Cq55z8pC7fOkfj+3TB/YQ6OW96qWqxKiMd15CtkIl37VtV9EsiUL4B4HsR6VLJCzkk7cBiXQ1ABVIcp3TCm6HQ==",
        "dependencies": {
          "Microsoft.Bcl.AsyncInterfaces": "6.0.0"
        }
      },
      "xunit.v3.core": {
        "type": "Transitive",
        "resolved": "1.1.0",
        "contentHash": "kXP/1d3jnQ2m4skcdM3gSMmubI6P747D6KVswzeedysgFkLj2xJlfo7p7slsmtEnp8BZb8X6D92Hssd/UtVPMw==",
        "dependencies": {
          "Microsoft.Testing.Platform.MSBuild": "1.5.3",
          "xunit.v3.extensibility.core": "[1.1.0]",
          "xunit.v3.runner.inproc.console": "[1.1.0]"
        }
      },
      "xunit.v3.extensibility.core": {
        "type": "Transitive",
        "resolved": "1.1.0",
        "contentHash": "AeQbbYN001x0c+B9pqwml6jZPovHz8O/sOp7jmrjz90rUzz/QPal12SlHLKYszR44CMnW4MsDam3RYT5pkYUxw==",
        "dependencies": {
          "xunit.v3.common": "[1.1.0]"
        }
      },
      "xunit.v3.runner.common": {
        "type": "Transitive",
        "resolved": "1.1.0",
        "contentHash": "Q81J0VPuu8fpF+/1CIjThqKKUjnqh0TQrLlD0iORkF75KdsOV+iGWT8c3AVuY96kDoxXxkTf0ZvJsK6o9osc1A==",
        "dependencies": {
          "xunit.v3.common": "[1.1.0]"
        }
      },
      "xunit.v3.runner.inproc.console": {
        "type": "Transitive",
        "resolved": "1.1.0",
        "contentHash": "lX/4TwIJe9ysCd5dqLk/Doq8ieYaZGivgf95xR59wRuSV+nHzHnyhpjXfaPUp8nkncUH1rOmJ85o1KebipisXQ==",
        "dependencies": {
          "Microsoft.Testing.Extensions.TrxReport.Abstractions": "1.5.3",
          "Microsoft.Testing.Platform": "1.5.3",
          "xunit.v3.extensibility.core": "[1.1.0]",
          "xunit.v3.runner.common": "[1.1.0]"
        }
      },
      "YamlDotNet": {
        "type": "Transitive",
        "resolved": "16.3.0",
        "contentHash": "SgMOdxbz8X65z8hraIs6hOEdnkH6hESTAIUa7viEngHOYaH+6q5XJmwr1+yb9vJpNQ19hCQY69xbFsLtXpobQA=="
      },
      "cake.gitlab": {
        "type": "Project",
        "dependencies": {
          "NGitLab": "[8.3.0, )"
        }
      },
      "cake.gitlab.testing": {
        "type": "Project",
        "dependencies": {
          "Cake.GitLab": "[1.0.0, )",
          "NGitLab.Mock": "[8.3.0, )"
        }
      }
    },
    "net9.0": {
      "Cake.Common": {
        "type": "Direct",
        "requested": "[5.0.0, )",
        "resolved": "5.0.0",
        "contentHash": "xRJT+g5lX8iYt7jygqyrN9h/3b4H69QsChTHtRr3h76718Kw4ctZdXQnBydH8TqfDWMbfMpthfrOjReQC1RUzQ==",
        "dependencies": {
          "Cake.Core": "5.0.0",
          "Microsoft.CSharp": "4.7.0",
          "Microsoft.IdentityModel.JsonWebTokens": "8.2.0",
          "Microsoft.NETCore.Platforms": "7.0.4",
          "Microsoft.Win32.Registry": "5.0.0"
        }
      },
      "Cake.Core": {
        "type": "Direct",
        "requested": "[5.0.0, )",
        "resolved": "5.0.0",
        "contentHash": "hq0HlI6bdRoMjUQTKioVjJZxQRxT7SuIjLjfTXO7fWe/alEU4OJumxq6LhTqz06pTRC7e5OrQqXyGKJnq5I+rw==",
        "dependencies": {
          "Microsoft.CSharp": "4.7.0",
          "Microsoft.NETCore.Platforms": "7.0.4",
          "Microsoft.Win32.Registry": "5.0.0"
        }
      },
      "coverlet.collector": {
        "type": "Direct",
        "requested": "[6.0.4, )",
        "resolved": "6.0.4",
        "contentHash": "lkhqpF8Pu2Y7IiN7OntbsTtdbpR1syMsm2F3IgX6ootA4ffRqWL5jF7XipHuZQTdVuWG/gVAAcf8mjk8Tz0xPg=="
      },
      "Microsoft.NET.Test.Sdk": {
        "type": "Direct",
        "requested": "[17.13.0, )",
        "resolved": "17.13.0",
        "contentHash": "W19wCPizaIC9Zh47w8wWI/yxuqR7/dtABwOrc8r2jX/8mUNxM2vw4fXDh+DJTeogxV+KzKwg5jNNGQVwf3LXyA==",
        "dependencies": {
          "Microsoft.CodeCoverage": "17.13.0",
          "Microsoft.TestPlatform.TestHost": "17.13.0"
        }
      },
      "Nerdbank.GitVersioning": {
        "type": "Direct",
        "requested": "[3.7.115, )",
        "resolved": "3.7.115",
        "contentHash": "EpXamaAdRfG/BMxGgvZlTM0npRnkmXUjAj8OdNKd17t4oN+2nvjdv/KnFmzOOMDqvlwB49UCwtOHJrAQTfUBtQ=="
      },
      "NGitLab.Mock": {
        "type": "Direct",
        "requested": "[8.3.0, )",
        "resolved": "8.3.0",
        "contentHash": "mO5vSW2OXflOzmyOMc/+qtGxfQVXoBeh8SNZZ3sDjUybjf/7qjOLVN8NnvR04xr9xhNjgP8jpkwk9tu9ukMXpA==",
        "dependencies": {
          "LibGit2Sharp": "0.30.0",
          "NGitLab": "8.3.0",
          "YamlDotNet": "16.3.0"
        }
      },
      "PublicApiGenerator": {
        "type": "Direct",
        "requested": "[11.4.5, )",
        "resolved": "11.4.5",
        "contentHash": "S9hJcL48erakoKHqXx47IvzbBYH10Y7a8yS2QVkNgQttfX/dNL+WIiaqUsBg7tFjFlxBRiFhd4mLN6QXZ50F/A==",
        "dependencies": {
          "Mono.Cecil": "0.11.6",
          "System.CodeDom": "6.0.0"
        }
      },
      "Verify.XunitV3": {
        "type": "Direct",
        "requested": "[28.9.0, )",
        "resolved": "28.9.0",
        "contentHash": "StgNBYG7zCjHOniIyRrmn3fpva1Nupyea1f92JGmOx8yWEoWxCwQ+V3rsiHmalPID41gHBKKGTpjLOZqoo7QKw==",
        "dependencies": {
          "Argon": "0.26.0",
          "DiffEngine": "15.8.0",
          "Microsoft.Bcl.AsyncInterfaces": "9.0.0",
          "SimpleInfoName": "3.1.0",
          "System.IO.Hashing": "9.0.0",
          "Verify": "28.9.0",
          "xunit.v3.extensibility.core": "1.0.1"
        }
      },
      "xunit.runner.visualstudio": {
        "type": "Direct",
        "requested": "[3.0.2, )",
        "resolved": "3.0.2",
        "contentHash": "oXbusR6iPq0xlqoikjdLvzh+wQDkMv9If58myz9MEzldS4nIcp442Btgs2sWbYWV+caEluMe2pQCZ0hUZgPiow=="
      },
      "xunit.v3": {
        "type": "Direct",
        "requested": "[1.1.0, )",
        "resolved": "1.1.0",
        "contentHash": "1ckSz5GVswlM9TCk5bGdHOjnYwqAWjkeqxckoHawQIA8sTeuN+RCBUypCi5A/Um0XlczRx5TjAK5W6BbN0HLcQ==",
        "dependencies": {
          "xunit.analyzers": "1.20.0",
          "xunit.v3.assert": "[1.1.0]",
          "xunit.v3.core": "[1.1.0]"
        }
      },
      "Argon": {
        "type": "Transitive",
        "resolved": "0.26.0",
        "contentHash": "n7btGXdtRyprGnpLMpBs6rLScxlvPtVWwmTR8h7CtJvpZXBGhGvibEdZxRjeTZNrwf403jJ0ZPpt35Pz/NaNsw=="
      },
      "DiffEngine": {
        "type": "Transitive",
        "resolved": "15.8.0",
        "contentHash": "+2cUvCcpUWziG6hnns6lwxkj6VVA+WsEGx3JqHIAt/1D7p+zpyWebqXihcfXzrZ5EqQmM4h+PpuUhYWH0TeCvQ==",
        "dependencies": {
          "EmptyFiles": "8.7.1",
          "System.Management": "9.0.0"
        }
      },
      "EmptyFiles": {
        "type": "Transitive",
        "resolved": "8.7.1",
        "contentHash": "C8pvg0TvG2Mkn5LGNFGkFgFu8SUgYFwiu8U3y34qGQnnwKmGnlQTfTIUrtzfSjPxA4q7L/kRu09U5p32otZ2Aw=="
      },
      "LibGit2Sharp": {
        "type": "Transitive",
        "resolved": "0.30.0",
        "contentHash": "1cBg/7nz6q+yzvComhqQaTS4nbXloLp/x29ZgY/Rr82ohpkuaWT8ZYzsPLFvs1zmCh/4xQbVt5sQxazGblgRig==",
        "dependencies": {
          "LibGit2Sharp.NativeBinaries": "[2.0.322]"
        }
      },
      "LibGit2Sharp.NativeBinaries": {
        "type": "Transitive",
        "resolved": "2.0.322",
        "contentHash": "EWQaEevzc8uS1ZGS6T83jqUPBY//2WUSCHwbZHBoHOjlfSehqr30nm/VAhJPzjam/69sv7nlLKVcho9t2XuR/Q=="
      },
      "Microsoft.Bcl.AsyncInterfaces": {
        "type": "Transitive",
        "resolved": "9.0.0",
        "contentHash": "owmu2Cr3IQ8yQiBleBHlGk8dSQ12oaF2e7TpzwJKEl4m84kkZJjEY1n33L67Y3zM5jPOjmmbdHjbfiL0RqcMRQ=="
      },
      "Microsoft.Bcl.TimeProvider": {
        "type": "Transitive",
        "resolved": "8.0.1",
        "contentHash": "C7kWHJnMRY7EvJev2S8+yJHZ1y7A4ZlLbA4NE+O23BDIAN5mHeqND1m+SKv1ChRS5YlCDW7yAMUe7lttRsJaAA=="
      },
      "Microsoft.CodeCoverage": {
        "type": "Transitive",
        "resolved": "17.13.0",
        "contentHash": "9LIUy0y+DvUmEPtbRDw6Bay3rzwqFV8P4efTrK4CZhQle3M/QwLPjISghfcolmEGAPWxuJi6m98ZEfk4VR4Lfg=="
      },
      "Microsoft.CSharp": {
        "type": "Transitive",
        "resolved": "4.7.0",
        "contentHash": "pTj+D3uJWyN3My70i2Hqo+OXixq3Os2D1nJ2x92FFo6sk8fYS1m1WLNTs0Dc1uPaViH0YvEEwvzddQ7y4rhXmA=="
      },
      "Microsoft.IdentityModel.Abstractions": {
        "type": "Transitive",
        "resolved": "8.2.0",
        "contentHash": "27ClfnelIu92kLGOaz0vjdXR1Jv7hAdLffxxNgR8T0+IMWmxeVyO3cU8oohmuTrWUFOfd2tsSGaRNewnuClIZw=="
      },
      "Microsoft.IdentityModel.JsonWebTokens": {
        "type": "Transitive",
        "resolved": "8.2.0",
        "contentHash": "/DAx+9HeqfkH/PccwHx7cUtQe9fYM6AxEmTla8WXUT+w+mapKLnigWmdKtF55hNvxiSnmGhSSCcG7XrvkpGKFA==",
        "dependencies": {
          "Microsoft.Bcl.TimeProvider": "8.0.1",
          "Microsoft.IdentityModel.Tokens": "8.2.0"
        }
      },
      "Microsoft.IdentityModel.Logging": {
        "type": "Transitive",
        "resolved": "8.2.0",
        "contentHash": "mZsjOZlbmCZfM71y8Fyo+D5UJ1RZFvmKXkxTfE2llQ0/CrfEeWmbpoew51w++EWs+G8B/peZqR1DQtbX3bB6Fg==",
        "dependencies": {
          "Microsoft.IdentityModel.Abstractions": "8.2.0"
        }
      },
      "Microsoft.IdentityModel.Tokens": {
        "type": "Transitive",
        "resolved": "8.2.0",
        "contentHash": "/I+6D3SwW8hQh5wznGzQCrS4L5y5Re/0AEKKfXXAduWzz4WKqJzY8RmjwZ6W66bIFUhPrqOy6zsLKPik4Ppnbw==",
        "dependencies": {
          "Microsoft.Bcl.TimeProvider": "8.0.1",
          "Microsoft.IdentityModel.Logging": "8.2.0"
        }
      },
      "Microsoft.NETCore.Platforms": {
        "type": "Transitive",
        "resolved": "7.0.4",
        "contentHash": "yLEHlNN7O5WiND89r42sepgVwy5W/ZoTiFEdJDV7MHR1lW02LL7Nipz2TD5qM/Kx9W3/k3NP+PAP2qUdOm+leg=="
      },
      "Microsoft.Testing.Extensions.TrxReport.Abstractions": {
        "type": "Transitive",
        "resolved": "1.5.3",
        "contentHash": "h34zKNpGyni66VH738mRHeXSnf3klSShUdavUWNhSfWICUUi5aXeI0LBvoX/ad93N0+9xBDU3Fyi6WfxrwKQGw==",
        "dependencies": {
          "Microsoft.Testing.Platform": "1.5.3"
        }
      },
      "Microsoft.Testing.Platform": {
        "type": "Transitive",
        "resolved": "1.5.3",
        "contentHash": "WqJydnJ99dEKtquR9HwINz104ehWJKTXbQQrydGatlLRw14bmsx0pa8+E6KUXMYXZAimN0swWlDmcJGjjW4TIg=="
      },
      "Microsoft.Testing.Platform.MSBuild": {
        "type": "Transitive",
        "resolved": "1.5.3",
        "contentHash": "bOtpRMSPeT5YLQo+NNY8EtdNTphAUcmALjW4ABU7P0rb6yR2XAZau3TzNieLmR3lRuwudguWzzBhgcLRXwZh0A==",
        "dependencies": {
          "Microsoft.Testing.Platform": "1.5.3"
        }
      },
      "Microsoft.TestPlatform.ObjectModel": {
        "type": "Transitive",
        "resolved": "17.13.0",
        "contentHash": "bt0E0Dx+iqW97o4A59RCmUmz/5NarJ7LRL+jXbSHod72ibL5XdNm1Ke+UO5tFhBG4VwHLcSjqq9BUSblGNWamw==",
        "dependencies": {
          "System.Reflection.Metadata": "1.6.0"
        }
      },
      "Microsoft.TestPlatform.TestHost": {
        "type": "Transitive",
        "resolved": "17.13.0",
        "contentHash": "9GGw08Dc3AXspjekdyTdZ/wYWFlxbgcF0s7BKxzVX+hzAwpifDOdxM+ceVaaJSQOwqt3jtuNlHn3XTpKUS9x9Q==",
        "dependencies": {
          "Microsoft.TestPlatform.ObjectModel": "17.13.0",
          "Newtonsoft.Json": "13.0.1"
        }
      },
      "Microsoft.Win32.Registry": {
        "type": "Transitive",
        "resolved": "5.0.0",
        "contentHash": "dDoKi0PnDz31yAyETfRntsLArTlVAVzUzCIvvEDsDsucrl33Dl8pIJG06ePTJTI3tGpeyHS9Cq7Foc/s4EeKcg==",
        "dependencies": {
          "System.Security.AccessControl": "5.0.0",
          "System.Security.Principal.Windows": "5.0.0"
        }
      },
      "Mono.Cecil": {
        "type": "Transitive",
        "resolved": "0.11.6",
        "contentHash": "f33RkDtZO8VlGXCtmQIviOtxgnUdym9xx/b1p9h91CRGOsJFxCFOFK1FDbVt1OCf1aWwYejUFa2MOQyFWTFjbA=="
      },
      "Newtonsoft.Json": {
        "type": "Transitive",
        "resolved": "13.0.1",
        "contentHash": "ppPFpBcvxdsfUonNcvITKqLl3bqxWbDCZIzDWHzjpdAHRFfZe0Dw9HmA0+za13IdyrgJwpkDTDA9fHaxOrt20A=="
      },
      "NGitLab": {
        "type": "Transitive",
        "resolved": "8.3.0",
        "contentHash": "Rd39LKudlE0S1dNIBjaXwWOy3UZqV4aBzWmGM6YY5YUKFseeXJpCjhFdV3ls917ZyU2r8K3z0jjG7Fj8rf4+4A==",
        "dependencies": {
          "Microsoft.Bcl.AsyncInterfaces": "8.0.0",
          "System.ComponentModel.Annotations": "5.0.0",
          "System.Text.Json": "8.0.5"
        }
      },
      "SimpleInfoName": {
        "type": "Transitive",
        "resolved": "3.1.0",
        "contentHash": "j+ENh86NhxrgDc6T1ueqIR2QOdDkSJY2dbTFyPN/JvIXifB4GHAunlMw/x7P6m7XaXEHr3s+SMZfKBlmnmkO6g=="
      },
      "System.CodeDom": {
        "type": "Transitive",
        "resolved": "9.0.0",
        "contentHash": "oTE5IfuMoET8yaZP/vdvy9xO47guAv/rOhe4DODuFBN3ySprcQOlXqO3j+e/H/YpKKR5sglrxRaZ2HYOhNJrqA=="
      },
      "System.Collections.Immutable": {
        "type": "Transitive",
        "resolved": "8.0.0",
        "contentHash": "AurL6Y5BA1WotzlEvVaIDpqzpIPvYnnldxru8oXJU2yFxFUy3+pNXjXd1ymO+RA0rq0+590Q8gaz2l3Sr7fmqg=="
      },
      "System.ComponentModel.Annotations": {
        "type": "Transitive",
        "resolved": "5.0.0",
        "contentHash": "dMkqfy2el8A8/I76n2Hi1oBFEbG1SfxD2l5nhwXV3XjlnOmwxJlQbYpJH4W51odnU9sARCSAgv7S3CyAFMkpYg=="
      },
      "System.IO.Hashing": {
        "type": "Transitive",
        "resolved": "9.0.0",
        "contentHash": "seeO8icDfED/Qwl9PDFUx2Gf/7xv7dPsMnw5PnRwNZuz4EWMpy0wIVohC4MfCcTIoJgp+KUrWG4WH3NPSusQOA=="
      },
      "System.Management": {
        "type": "Transitive",
        "resolved": "9.0.0",
        "contentHash": "bVh4xAMI5grY5GZoklKcMBLirhC8Lqzp63Ft3zXJacwGAlLyFdF4k0qz4pnKIlO6HyL2Z4zqmHm9UkzEo6FFsA==",
        "dependencies": {
          "System.CodeDom": "9.0.0"
        }
      },
      "System.Memory": {
        "type": "Transitive",
        "resolved": "4.6.0",
        "contentHash": "OEkbBQoklHngJ8UD8ez2AERSk2g+/qpAaSWWCBFbpH727HxDq5ydVkuncBaKcKfwRqXGWx64dS6G1SUScMsitg=="
      },
      "System.Reflection.Metadata": {
        "type": "Transitive",
        "resolved": "1.6.0",
        "contentHash": "COC1aiAJjCoA5GBF+QKL2uLqEBew4JsCkQmoHKbN3TlOZKa2fKLz5CpiRQKDz0RsAOEGsVKqOD5bomsXq/4STQ=="
      },
      "System.Security.AccessControl": {
        "type": "Transitive",
        "resolved": "5.0.0",
        "contentHash": "dagJ1mHZO3Ani8GH0PHpPEe/oYO+rVdbQjvjJkBRNQkX4t0r1iaeGn8+/ybkSLEan3/slM0t59SVdHzuHf2jmw==",
        "dependencies": {
          "Microsoft.NETCore.Platforms": "5.0.0",
          "System.Security.Principal.Windows": "5.0.0"
        }
      },
      "System.Security.Principal.Windows": {
        "type": "Transitive",
        "resolved": "5.0.0",
        "contentHash": "t0MGLukB5WAVU9bO3MGzvlGnyJPgUlcwerXn1kzBRjwLKixT96XV0Uza41W49gVd8zEMFu9vQEFlv0IOrytICA=="
      },
      "System.Text.Json": {
        "type": "Transitive",
        "resolved": "8.0.5",
        "contentHash": "0f1B50Ss7rqxXiaBJyzUu9bWFOO2/zSlifZ/UNMdiIpDYe4cY4LQQicP4nirK1OS31I43rn062UIJ1Q9bpmHpg=="
      },
      "Verify": {
        "type": "Transitive",
        "resolved": "28.9.0",
        "contentHash": "qni0zDkkYSPIhnYejZCOq5ueH+y0s7kEdpSbFXarcxP7rjZvZD0Yuc567KFVFMbVRAo9IORfv9zcXtTGFmpz8A==",
        "dependencies": {
          "Argon": "0.26.0",
          "DiffEngine": "15.8.0",
          "SimpleInfoName": "3.1.0",
          "System.IO.Hashing": "9.0.0"
        }
      },
      "xunit.analyzers": {
        "type": "Transitive",
        "resolved": "1.20.0",
        "contentHash": "HElev2E9vFbPxwKRQtpCSSzLOu8M/N9EWBCB37v7SRx6z4Lbj19FxfLEig3v9jiI6s4b0l2uena91nEsTWl9jA=="
      },
      "xunit.v3.assert": {
        "type": "Transitive",
        "resolved": "1.1.0",
        "contentHash": "4D+eM08ImfhA+zLbRzi8HA4qsT98zDxgaCD7vCg8yFesokKsgSsqWsAmImHFjVymGVhVS7WFGb19d6v1k9i0xQ==",
        "dependencies": {
          "System.Collections.Immutable": "8.0.0",
          "System.Memory": "4.6.0"
        }
      },
      "xunit.v3.common": {
        "type": "Transitive",
        "resolved": "1.1.0",
        "contentHash": "Cq55z8pC7fOkfj+3TB/YQ6OW96qWqxKiMd15CtkIl37VtV9EsiUL4B4HsR6VLJCzkk7cBiXQ1ABVIcp3TCm6HQ==",
        "dependencies": {
          "Microsoft.Bcl.AsyncInterfaces": "6.0.0"
        }
      },
      "xunit.v3.core": {
        "type": "Transitive",
        "resolved": "1.1.0",
        "contentHash": "kXP/1d3jnQ2m4skcdM3gSMmubI6P747D6KVswzeedysgFkLj2xJlfo7p7slsmtEnp8BZb8X6D92Hssd/UtVPMw==",
        "dependencies": {
          "Microsoft.Testing.Platform.MSBuild": "1.5.3",
          "xunit.v3.extensibility.core": "[1.1.0]",
          "xunit.v3.runner.inproc.console": "[1.1.0]"
        }
      },
      "xunit.v3.extensibility.core": {
        "type": "Transitive",
        "resolved": "1.1.0",
        "contentHash": "AeQbbYN001x0c+B9pqwml6jZPovHz8O/sOp7jmrjz90rUzz/QPal12SlHLKYszR44CMnW4MsDam3RYT5pkYUxw==",
        "dependencies": {
          "xunit.v3.common": "[1.1.0]"
        }
      },
      "xunit.v3.runner.common": {
        "type": "Transitive",
        "resolved": "1.1.0",
        "contentHash": "Q81J0VPuu8fpF+/1CIjThqKKUjnqh0TQrLlD0iORkF75KdsOV+iGWT8c3AVuY96kDoxXxkTf0ZvJsK6o9osc1A==",
        "dependencies": {
          "xunit.v3.common": "[1.1.0]"
        }
      },
      "xunit.v3.runner.inproc.console": {
        "type": "Transitive",
        "resolved": "1.1.0",
        "contentHash": "lX/4TwIJe9ysCd5dqLk/Doq8ieYaZGivgf95xR59wRuSV+nHzHnyhpjXfaPUp8nkncUH1rOmJ85o1KebipisXQ==",
        "dependencies": {
          "Microsoft.Testing.Extensions.TrxReport.Abstractions": "1.5.3",
          "Microsoft.Testing.Platform": "1.5.3",
          "xunit.v3.extensibility.core": "[1.1.0]",
          "xunit.v3.runner.common": "[1.1.0]"
        }
      },
      "YamlDotNet": {
        "type": "Transitive",
        "resolved": "16.3.0",
        "contentHash": "SgMOdxbz8X65z8hraIs6hOEdnkH6hESTAIUa7viEngHOYaH+6q5XJmwr1+yb9vJpNQ19hCQY69xbFsLtXpobQA=="
      },
      "cake.gitlab": {
        "type": "Project",
        "dependencies": {
          "NGitLab": "[8.3.0, )"
        }
      },
      "cake.gitlab.testing": {
        "type": "Project",
        "dependencies": {
          "Cake.GitLab": "[1.0.0, )",
          "NGitLab.Mock": "[8.3.0, )"
        }
      }
    }
  }
}